version = 1
revision = 1
requires-python = ">=3.12"

[[package]]
name = "docopt"
version = "0.6.2"
source = { registry = "https://pypi.org/simple" }
sdist = { url = "https://files.pythonhosted.org/packages/a2/55/8f8cab2afd404cf578136ef2cc5dfb50baa1761b68c9da1fb1e4eed343c9/docopt-0.6.2.tar.gz", hash = "sha256:49b3a825280bd66b3aa83585ef59c4a8c82f2c8a522dbe754a8bc8d08c85c491", size = 25901 }

[[package]]
name = "extratools-core"
version = "0.1.0"
source = { registry = "https://pypi.org/simple" }
dependencies = [
    { name = "toolz" },
]
sdist = { url = "https://files.pythonhosted.org/packages/02/1f/25ff90650b8af97349f8110e4b85be2f53563091043b1a3220a2b647643e/extratools_core-0.1.0.tar.gz", hash = "sha256:4006bb6778ea03de6bcf90c12fd04e11e09c33490e023dc0b119517160df5ee8", size = 54400 }
wheels = [
    { url = "https://files.pythonhosted.org/packages/29/cc/3eb2bbb8b2f8950df891c038092225d2136fd93375634690b016286e0010/extratools_core-0.1.0-py3-none-any.whl", hash = "sha256:8423be7c28aa383710af395d4e561bfba84cbef6ebbedb2b6e6aaa475a9df429", size = 7668 },
]

[[package]]
name = "toolz"
version = "1.0.0"
source = { registry = "https://pypi.org/simple" }
sdist = { url = "https://files.pythonhosted.org/packages/8a/0b/d80dfa675bf592f636d1ea0b835eab4ec8df6e9415d8cfd766df54456123/toolz-1.0.0.tar.gz", hash = "sha256:2c86e3d9a04798ac556793bced838816296a2f085017664e4995cb40a1047a02", size = 66790 }
wheels = [
    { url = "https://files.pythonhosted.org/packages/03/98/eb27cc78ad3af8e302c9d8ff4977f5026676e130d28dd7578132a457170c/toolz-1.0.0-py3-none-any.whl", hash = "sha256:292c8f1c4e7516bf9086f8850935c799a874039c8bcf959d47b600e4c44a6236", size = 56383 },
]

[[package]]
name = "topsim"
version = "0.1.5"
source = { editable = "." }
dependencies = [
    { name = "docopt" },
    { name = "extratools-core" },
]

[package.metadata]
requires-dist = [
    { name = "docopt", specifier = ">=0.6.2" },
    { name = "extratools-core", specifier = ">=0.1.0" },
]
